
Microsoft Visual Studio Solution File, Format Version 12.00
# Visual Studio Version 17
VisualStudioVersion = 17.0.31903.59
MinimumVisualStudioVersion = 10.0.40219.1
Project("{FAE04EC0-301F-11D3-BF4B-00C04F79EFBC}") = "MsGateway", "MsGateway\MsGateway.csproj", "{CAD5657E-79B9-46E6-9992-7691AAA2A97C}"
EndProject
Project("{FAE04EC0-301F-11D3-BF4B-00C04F79EFBC}") = "MsProjects", "MsProjects\MsProjects.csproj", "{7CD907E3-5333-4889-8AE7-697FFB466B9C}"
EndProject
Project("{FAE04EC0-301F-11D3-BF4B-00C04F79EFBC}") = "WebApp", "WebApp\WebApp.csproj", "{3CA1D584-3B3B-40F6-A729-7E6A0E80284C}"
EndProject
Project("{FAE04EC0-301F-11D3-BF4B-00C04F79EFBC}") = "MsAuth", "MsAuth\MsAuth.csproj", "{3982CBC9-EEB9-45B4-A47A-3EDFBB819C58}"
EndProject
Project("{FAE04EC0-301F-11D3-BF4B-00C04F79EFBC}") = "MsAuth.Tests", "MsAuth\Tests\MsAuth.Tests.csproj", "{A1B2C3D4-E5F6-4789-AB12-3456789ABCDE}"
EndProject
Project("{FAE04EC0-301F-11D3-BF4B-00C04F79EFBC}") = "MsProjects.Tests", "MsProjects\Tests\MsProjects.Tests.csproj", "{B2C3D4E5-F678-4AB1-C234-56789ABCDEF0}"
EndProject
Project("{FAE04EC0-301F-11D3-BF4B-00C04F79EFBC}") = "MsAuth.IntegrationTests", "MsAuth.IntegrationTests\MsAuth.IntegrationTests.csproj", "{3929470F-C68C-4B9A-9225-667CE043F4A8}"
EndProject
Project("{FAE04EC0-301F-11D3-BF4B-00C04F79EFBC}") = "MsAuth.FunctionalTests", "MsAuth.FunctionalTests\MsAuth.FunctionalTests.csproj", "{BF6C8E49-3F19-4205-9683-829AE004D512}"
EndProject
Project("{FAE04EC0-301F-11D3-BF4B-00C04F79EFBC}") = "MsProjects.IntegrationTests", "MsProjects.IntegrationTests\MsProjects.IntegrationTests.csproj", "{821A4594-BDAD-439C-AAA2-72E0044E213F}"
EndProject
Project("{FAE04EC0-301F-11D3-BF4B-00C04F79EFBC}") = "MsProjects.FunctionalTests", "MsProjects.FunctionalTests\MsProjects.FunctionalTests.csproj", "{B5EEBDD1-B28F-46B8-BB95-29E03BC70AE6}"
EndProject
Project("{FAE04EC0-301F-11D3-BF4B-00C04F79EFBC}") = "WebApp.Tests", "WebApp\Tests\WebApp.Tests.csproj", "{EB9717F2-65C8-4CE3-8CE4-9B9D7CC7F690}"
EndProject
Project("{FAE04EC0-301F-11D3-BF4B-00C04F79EFBC}") = "MsGateway.Tests", "MsGateway\Tests\MsGateway.Tests.csproj", "{BFCD9B0B-3F10-4665-A92C-18F8AF795645}"
EndProject
Global
	GlobalSection(SolutionConfigurationPlatforms) = preSolution
		Debug|Any CPU = Debug|Any CPU
		Debug|x64 = Debug|x64
		Debug|x86 = Debug|x86
		Release|Any CPU = Release|Any CPU
		Release|x64 = Release|x64
		Release|x86 = Release|x86
	EndGlobalSection
	GlobalSection(ProjectConfigurationPlatforms) = postSolution
		{CAD5657E-79B9-46E6-9992-7691AAA2A97C}.Debug|Any CPU.ActiveCfg = Debug|Any CPU
		{CAD5657E-79B9-46E6-9992-7691AAA2A97C}.Debug|Any CPU.Build.0 = Debug|Any CPU
		{CAD5657E-79B9-46E6-9992-7691AAA2A97C}.Debug|x64.ActiveCfg = Debug|Any CPU
		{CAD5657E-79B9-46E6-9992-7691AAA2A97C}.Debug|x64.Build.0 = Debug|Any CPU
		{CAD5657E-79B9-46E6-9992-7691AAA2A97C}.Debug|x86.ActiveCfg = Debug|Any CPU
		{CAD5657E-79B9-46E6-9992-7691AAA2A97C}.Debug|x86.Build.0 = Debug|Any CPU
		{CAD5657E-79B9-46E6-9992-7691AAA2A97C}.Release|Any CPU.ActiveCfg = Release|Any CPU
		{CAD5657E-79B9-46E6-9992-7691AAA2A97C}.Release|Any CPU.Build.0 = Release|Any CPU
		{CAD5657E-79B9-46E6-9992-7691AAA2A97C}.Release|x64.ActiveCfg = Release|Any CPU
		{CAD5657E-79B9-46E6-9992-7691AAA2A97C}.Release|x64.Build.0 = Release|Any CPU
		{CAD5657E-79B9-46E6-9992-7691AAA2A97C}.Release|x86.ActiveCfg = Release|Any CPU
		{CAD5657E-79B9-46E6-9992-7691AAA2A97C}.Release|x86.Build.0 = Release|Any CPU
		{7CD907E3-5333-4889-8AE7-697FFB466B9C}.Debug|Any CPU.ActiveCfg = Debug|Any CPU
		{7CD907E3-5333-4889-8AE7-697FFB466B9C}.Debug|Any CPU.Build.0 = Debug|Any CPU
		{7CD907E3-5333-4889-8AE7-697FFB466B9C}.Debug|x64.ActiveCfg = Debug|Any CPU
		{7CD907E3-5333-4889-8AE7-697FFB466B9C}.Debug|x64.Build.0 = Debug|Any CPU
		{7CD907E3-5333-4889-8AE7-697FFB466B9C}.Debug|x86.ActiveCfg = Debug|Any CPU
		{7CD907E3-5333-4889-8AE7-697FFB466B9C}.Debug|x86.Build.0 = Debug|Any CPU
		{7CD907E3-5333-4889-8AE7-697FFB466B9C}.Release|Any CPU.ActiveCfg = Release|Any CPU
		{7CD907E3-5333-4889-8AE7-697FFB466B9C}.Release|Any CPU.Build.0 = Release|Any CPU
		{7CD907E3-5333-4889-8AE7-697FFB466B9C}.Release|x64.ActiveCfg = Release|Any CPU
		{7CD907E3-5333-4889-8AE7-697FFB466B9C}.Release|x64.Build.0 = Release|Any CPU
		{7CD907E3-5333-4889-8AE7-697FFB466B9C}.Release|x86.ActiveCfg = Release|Any CPU
		{7CD907E3-5333-4889-8AE7-697FFB466B9C}.Release|x86.Build.0 = Release|Any CPU
		{3CA1D584-3B3B-40F6-A729-7E6A0E80284C}.Debug|Any CPU.ActiveCfg = Debug|Any CPU
		{3CA1D584-3B3B-40F6-A729-7E6A0E80284C}.Debug|Any CPU.Build.0 = Debug|Any CPU
		{3CA1D584-3B3B-40F6-A729-7E6A0E80284C}.Debug|x64.ActiveCfg = Debug|Any CPU
		{3CA1D584-3B3B-40F6-A729-7E6A0E80284C}.Debug|x64.Build.0 = Debug|Any CPU
		{3CA1D584-3B3B-40F6-A729-7E6A0E80284C}.Debug|x86.ActiveCfg = Debug|Any CPU
		{3CA1D584-3B3B-40F6-A729-7E6A0E80284C}.Debug|x86.Build.0 = Debug|Any CPU
		{3CA1D584-3B3B-40F6-A729-7E6A0E80284C}.Release|Any CPU.ActiveCfg = Release|Any CPU
		{3CA1D584-3B3B-40F6-A729-7E6A0E80284C}.Release|Any CPU.Build.0 = Release|Any CPU
		{3CA1D584-3B3B-40F6-A729-7E6A0E80284C}.Release|x64.ActiveCfg = Release|Any CPU
		{3CA1D584-3B3B-40F6-A729-7E6A0E80284C}.Release|x64.Build.0 = Release|Any CPU
		{3CA1D584-3B3B-40F6-A729-7E6A0E80284C}.Release|x86.ActiveCfg = Release|Any CPU
		{3CA1D584-3B3B-40F6-A729-7E6A0E80284C}.Release|x86.Build.0 = Release|Any CPU
		{3982CBC9-EEB9-45B4-A47A-3EDFBB819C58}.Debug|Any CPU.ActiveCfg = Debug|Any CPU
		{3982CBC9-EEB9-45B4-A47A-3EDFBB819C58}.Debug|Any CPU.Build.0 = Debug|Any CPU
		{3982CBC9-EEB9-45B4-A47A-3EDFBB819C58}.Debug|x64.ActiveCfg = Debug|Any CPU
		{3982CBC9-EEB9-45B4-A47A-3EDFBB819C58}.Debug|x64.Build.0 = Debug|Any CPU
		{3982CBC9-EEB9-45B4-A47A-3EDFBB819C58}.Debug|x86.ActiveCfg = Debug|Any CPU
		{3982CBC9-EEB9-45B4-A47A-3EDFBB819C58}.Debug|x86.Build.0 = Debug|Any CPU
		{3982CBC9-EEB9-45B4-A47A-3EDFBB819C58}.Release|Any CPU.ActiveCfg = Release|Any CPU
		{3982CBC9-EEB9-45B4-A47A-3EDFBB819C58}.Release|Any CPU.Build.0 = Release|Any CPU
		{3982CBC9-EEB9-45B4-A47A-3EDFBB819C58}.Release|x64.ActiveCfg = Release|Any CPU
		{3982CBC9-EEB9-45B4-A47A-3EDFBB819C58}.Release|x64.Build.0 = Release|Any CPU
		{3982CBC9-EEB9-45B4-A47A-3EDFBB819C58}.Release|x86.ActiveCfg = Release|Any CPU
		{3982CBC9-EEB9-45B4-A47A-3EDFBB819C58}.Release|x86.Build.0 = Release|Any CPU
		{A1B2C3D4-E5F6-4789-AB12-3456789ABCDE}.Debug|Any CPU.ActiveCfg = Debug|Any CPU
		{A1B2C3D4-E5F6-4789-AB12-3456789ABCDE}.Debug|Any CPU.Build.0 = Debug|Any CPU
		{A1B2C3D4-E5F6-4789-AB12-3456789ABCDE}.Debug|x64.ActiveCfg = Debug|Any CPU
		{A1B2C3D4-E5F6-4789-AB12-3456789ABCDE}.Debug|x64.Build.0 = Debug|Any CPU
		{A1B2C3D4-E5F6-4789-AB12-3456789ABCDE}.Debug|x86.ActiveCfg = Debug|Any CPU
		{A1B2C3D4-E5F6-4789-AB12-3456789ABCDE}.Debug|x86.Build.0 = Debug|Any CPU
		{A1B2C3D4-E5F6-4789-AB12-3456789ABCDE}.Release|Any CPU.ActiveCfg = Release|Any CPU
		{A1B2C3D4-E5F6-4789-AB12-3456789ABCDE}.Release|Any CPU.Build.0 = Release|Any CPU
		{A1B2C3D4-E5F6-4789-AB12-3456789ABCDE}.Release|x64.ActiveCfg = Release|Any CPU
		{A1B2C3D4-E5F6-4789-AB12-3456789ABCDE}.Release|x64.Build.0 = Release|Any CPU
		{A1B2C3D4-E5F6-4789-AB12-3456789ABCDE}.Release|x86.ActiveCfg = Release|Any CPU
		{A1B2C3D4-E5F6-4789-AB12-3456789ABCDE}.Release|x86.Build.0 = Release|Any CPU
		{B2C3D4E5-F678-4AB1-C234-56789ABCDEF0}.Debug|Any CPU.ActiveCfg = Debug|Any CPU
		{B2C3D4E5-F678-4AB1-C234-56789ABCDEF0}.Debug|Any CPU.Build.0 = Debug|Any CPU
		{B2C3D4E5-F678-4AB1-C234-56789ABCDEF0}.Debug|x64.ActiveCfg = Debug|Any CPU
		{B2C3D4E5-F678-4AB1-C234-56789ABCDEF0}.Debug|x64.Build.0 = Debug|Any CPU
		{B2C3D4E5-F678-4AB1-C234-56789ABCDEF0}.Debug|x86.ActiveCfg = Debug|Any CPU
		{B2C3D4E5-F678-4AB1-C234-56789ABCDEF0}.Debug|x86.Build.0 = Debug|Any CPU
		{B2C3D4E5-F678-4AB1-C234-56789ABCDEF0}.Release|Any CPU.ActiveCfg = Release|Any CPU
		{B2C3D4E5-F678-4AB1-C234-56789ABCDEF0}.Release|Any CPU.Build.0 = Release|Any CPU
		{B2C3D4E5-F678-4AB1-C234-56789ABCDEF0}.Release|x64.ActiveCfg = Release|Any CPU
		{B2C3D4E5-F678-4AB1-C234-56789ABCDEF0}.Release|x64.Build.0 = Release|Any CPU
		{B2C3D4E5-F678-4AB1-C234-56789ABCDEF0}.Release|x86.ActiveCfg = Release|Any CPU
		{B2C3D4E5-F678-4AB1-C234-56789ABCDEF0}.Release|x86.Build.0 = Release|Any CPU
		{3929470F-C68C-4B9A-9225-667CE043F4A8}.Debug|Any CPU.ActiveCfg = Debug|Any CPU
		{3929470F-C68C-4B9A-9225-667CE043F4A8}.Debug|Any CPU.Build.0 = Debug|Any CPU
		{3929470F-C68C-4B9A-9225-667CE043F4A8}.Debug|x64.ActiveCfg = Debug|Any CPU
		{3929470F-C68C-4B9A-9225-667CE043F4A8}.Debug|x64.Build.0 = Debug|Any CPU
		{3929470F-C68C-4B9A-9225-667CE043F4A8}.Debug|x86.ActiveCfg = Debug|Any CPU
		{3929470F-C68C-4B9A-9225-667CE043F4A8}.Debug|x86.Build.0 = Debug|Any CPU
		{3929470F-C68C-4B9A-9225-667CE043F4A8}.Release|Any CPU.ActiveCfg = Release|Any CPU
		{3929470F-C68C-4B9A-9225-667CE043F4A8}.Release|Any CPU.Build.0 = Release|Any CPU
		{3929470F-C68C-4B9A-9225-667CE043F4A8}.Release|x64.ActiveCfg = Release|Any CPU
		{3929470F-C68C-4B9A-9225-667CE043F4A8}.Release|x64.Build.0 = Release|Any CPU
		{3929470F-C68C-4B9A-9225-667CE043F4A8}.Release|x86.ActiveCfg = Release|Any CPU
		{3929470F-C68C-4B9A-9225-667CE043F4A8}.Release|x86.Build.0 = Release|Any CPU
		{BF6C8E49-3F19-4205-9683-829AE004D512}.Debug|Any CPU.ActiveCfg = Debug|Any CPU
		{BF6C8E49-3F19-4205-9683-829AE004D512}.Debug|Any CPU.Build.0 = Debug|Any CPU
		{BF6C8E49-3F19-4205-9683-829AE004D512}.Debug|x64.ActiveCfg = Debug|Any CPU
		{BF6C8E49-3F19-4205-9683-829AE004D512}.Debug|x64.Build.0 = Debug|Any CPU
		{BF6C8E49-3F19-4205-9683-829AE004D512}.Debug|x86.ActiveCfg = Debug|Any CPU
		{BF6C8E49-3F19-4205-9683-829AE004D512}.Debug|x86.Build.0 = Debug|Any CPU
		{BF6C8E49-3F19-4205-9683-829AE004D512}.Release|Any CPU.ActiveCfg = Release|Any CPU
		{BF6C8E49-3F19-4205-9683-829AE004D512}.Release|Any CPU.Build.0 = Release|Any CPU
		{BF6C8E49-3F19-4205-9683-829AE004D512}.Release|x64.ActiveCfg = Release|Any CPU
		{BF6C8E49-3F19-4205-9683-829AE004D512}.Release|x64.Build.0 = Release|Any CPU
		{BF6C8E49-3F19-4205-9683-829AE004D512}.Release|x86.ActiveCfg = Release|Any CPU
		{BF6C8E49-3F19-4205-9683-829AE004D512}.Release|x86.Build.0 = Release|Any CPU
		{821A4594-BDAD-439C-AAA2-72E0044E213F}.Debug|Any CPU.ActiveCfg = Debug|Any CPU
		{821A4594-BDAD-439C-AAA2-72E0044E213F}.Debug|Any CPU.Build.0 = Debug|Any CPU
		{821A4594-BDAD-439C-AAA2-72E0044E213F}.Debug|x64.ActiveCfg = Debug|Any CPU
		{821A4594-BDAD-439C-AAA2-72E0044E213F}.Debug|x64.Build.0 = Debug|Any CPU
		{821A4594-BDAD-439C-AAA2-72E0044E213F}.Debug|x86.ActiveCfg = Debug|Any CPU
		{821A4594-BDAD-439C-AAA2-72E0044E213F}.Debug|x86.Build.0 = Debug|Any CPU
		{821A4594-BDAD-439C-AAA2-72E0044E213F}.Release|Any CPU.ActiveCfg = Release|Any CPU
		{821A4594-BDAD-439C-AAA2-72E0044E213F}.Release|Any CPU.Build.0 = Release|Any CPU
		{821A4594-BDAD-439C-AAA2-72E0044E213F}.Release|x64.ActiveCfg = Release|Any CPU
		{821A4594-BDAD-439C-AAA2-72E0044E213F}.Release|x64.Build.0 = Release|Any CPU
		{821A4594-BDAD-439C-AAA2-72E0044E213F}.Release|x86.ActiveCfg = Release|Any CPU
		{821A4594-BDAD-439C-AAA2-72E0044E213F}.Release|x86.Build.0 = Release|Any CPU
		{B5EEBDD1-B28F-46B8-BB95-29E03BC70AE6}.Debug|Any CPU.ActiveCfg = Debug|Any CPU
		{B5EEBDD1-B28F-46B8-BB95-29E03BC70AE6}.Debug|Any CPU.Build.0 = Debug|Any CPU
		{B5EEBDD1-B28F-46B8-BB95-29E03BC70AE6}.Debug|x64.ActiveCfg = Debug|Any CPU
		{B5EEBDD1-B28F-46B8-BB95-29E03BC70AE6}.Debug|x64.Build.0 = Debug|Any CPU
		{B5EEBDD1-B28F-46B8-BB95-29E03BC70AE6}.Debug|x86.ActiveCfg = Debug|Any CPU
		{B5EEBDD1-B28F-46B8-BB95-29E03BC70AE6}.Debug|x86.Build.0 = Debug|Any CPU
		{B5EEBDD1-B28F-46B8-BB95-29E03BC70AE6}.Release|Any CPU.ActiveCfg = Release|Any CPU
		{B5EEBDD1-B28F-46B8-BB95-29E03BC70AE6}.Release|Any CPU.Build.0 = Release|Any CPU
		{B5EEBDD1-B28F-46B8-BB95-29E03BC70AE6}.Release|x64.ActiveCfg = Release|Any CPU
		{B5EEBDD1-B28F-46B8-BB95-29E03BC70AE6}.Release|x64.Build.0 = Release|Any CPU
		{B5EEBDD1-B28F-46B8-BB95-29E03BC70AE6}.Release|x86.ActiveCfg = Release|Any CPU
		{B5EEBDD1-B28F-46B8-BB95-29E03BC70AE6}.Release|x86.Build.0 = Release|Any CPU
		{EB9717F2-65C8-4CE3-8CE4-9B9D7CC7F690}.Debug|Any CPU.ActiveCfg = Debug|Any CPU
		{EB9717F2-65C8-4CE3-8CE4-9B9D7CC7F690}.Debug|Any CPU.Build.0 = Debug|Any CPU
		{EB9717F2-65C8-4CE3-8CE4-9B9D7CC7F690}.Debug|x64.ActiveCfg = Debug|Any CPU
		{EB9717F2-65C8-4CE3-8CE4-9B9D7CC7F690}.Debug|x64.Build.0 = Debug|Any CPU
		{EB9717F2-65C8-4CE3-8CE4-9B9D7CC7F690}.Debug|x86.ActiveCfg = Debug|Any CPU
		{EB9717F2-65C8-4CE3-8CE4-9B9D7CC7F690}.Debug|x86.Build.0 = Debug|Any CPU
		{EB9717F2-65C8-4CE3-8CE4-9B9D7CC7F690}.Release|Any CPU.ActiveCfg = Release|Any CPU
		{EB9717F2-65C8-4CE3-8CE4-9B9D7CC7F690}.Release|Any CPU.Build.0 = Release|Any CPU
		{EB9717F2-65C8-4CE3-8CE4-9B9D7CC7F690}.Release|x64.ActiveCfg = Release|Any CPU
		{EB9717F2-65C8-4CE3-8CE4-9B9D7CC7F690}.Release|x64.Build.0 = Release|Any CPU
		{EB9717F2-65C8-4CE3-8CE4-9B9D7CC7F690}.Release|x86.ActiveCfg = Release|Any CPU
		{EB9717F2-65C8-4CE3-8CE4-9B9D7CC7F690}.Release|x86.Build.0 = Release|Any CPU
		{BFCD9B0B-3F10-4665-A92C-18F8AF795645}.Debug|Any CPU.ActiveCfg = Debug|Any CPU
		{BFCD9B0B-3F10-4665-A92C-18F8AF795645}.Debug|Any CPU.Build.0 = Debug|Any CPU
		{BFCD9B0B-3F10-4665-A92C-18F8AF795645}.Debug|x64.ActiveCfg = Debug|Any CPU
		{BFCD9B0B-3F10-4665-A92C-18F8AF795645}.Debug|x64.Build.0 = Debug|Any CPU
		{BFCD9B0B-3F10-4665-A92C-18F8AF795645}.Debug|x86.ActiveCfg = Debug|Any CPU
		{BFCD9B0B-3F10-4665-A92C-18F8AF795645}.Debug|x86.Build.0 = Debug|Any CPU
		{BFCD9B0B-3F10-4665-A92C-18F8AF795645}.Release|Any CPU.ActiveCfg = Release|Any CPU
		{BFCD9B0B-3F10-4665-A92C-18F8AF795645}.Release|Any CPU.Build.0 = Release|Any CPU
		{BFCD9B0B-3F10-4665-A92C-18F8AF795645}.Release|x64.ActiveCfg = Release|Any CPU
		{BFCD9B0B-3F10-4665-A92C-18F8AF795645}.Release|x64.Build.0 = Release|Any CPU
		{BFCD9B0B-3F10-4665-A92C-18F8AF795645}.Release|x86.ActiveCfg = Release|Any CPU
		{BFCD9B0B-3F10-4665-A92C-18F8AF795645}.Release|x86.Build.0 = Release|Any CPU
	EndGlobalSection
	GlobalSection(SolutionProperties) = preSolution
		HideSolutionNode = FALSE
	EndGlobalSection
	GlobalSection(ExtensibilityGlobals) = postSolution
		SolutionGuid = {C2143817-B2CE-4A7A-8DC3-F67FB2FB5AA2}
	EndGlobalSection
EndGlobal
